PODS:
  - FBSnapshotTestCase (2.1.4):
    - FBSnapshotTestCase/SwiftSupport (= 2.1.4)
  - FBSnapshotTestCase/Core (2.1.4)
  - FBSnapshotTestCase/SwiftSupport (2.1.4):
    - FBSnapshotTestCase/Core
  - SJLoadStatusView_Swift (0.1.0)

DEPENDENCIES:
  - FBSnapshotTestCase (~> 2.1.4)
  - SJLoadStatusView_Swift (from `../`)

SPEC REPOS:
  https://github.com/cocoapods/specs.git:
    - FBSnapshotTestCase

EXTERNAL SOURCES:
  SJLoadStatusView_Swift:
    :path: "../"

SPEC CHECKSUMS:
  FBSnapshotTestCase: 094f9f314decbabe373b87cc339bea235a63e07a
  SJLoadStatusView_Swift: 40fc486972b6919711d3b8801ac08b0f12bdb8bd

PODFILE CHECKSUM: 9f964969e6bfe25700c586e21d67a1e635412f24

COCOAPODS: 1.5.3
